
Microsoft Visual Studio Solution File, Format Version 12.00
# Visual Studio Version 17
VisualStudioVersion = 17.8.34330.188
MinimumVisualStudioVersion = 10.0.40219.1
Project("{F184B08F-C81C-45F6-A57F-5ABD9991F28F}") = "BuddyMessaging", "BuddyMessaging\BuddyMessaging.vbproj", "{93422807-2E03-434A-B549-C61D8F05CCC5}"
EndProject
Global
	GlobalSection(SolutionConfigurationPlatforms) = preSolution
		Debug|Any CPU = Debug|Any CPU
		Release|Any CPU = Release|Any CPU
	EndGlobalSection
	GlobalSection(ProjectConfigurationPlatforms) = postSolution
		{93422807-2E03-434A-B549-C61D8F05CCC5}.Debug|Any CPU.ActiveCfg = Debug|Any CPU
		{93422807-2E03-434A-B549-C61D8F05CCC5}.Debug|Any CPU.Build.0 = Debug|Any CPU
		{93422807-2E03-434A-B549-C61D8F05CCC5}.Release|Any CPU.ActiveCfg = Release|Any CPU
		{93422807-2E03-434A-B549-C61D8F05CCC5}.Release|Any CPU.Build.0 = Release|Any CPU
	EndGlobalSection
	GlobalSection(SolutionProperties) = preSolution
		HideSolutionNode = FALSE
	EndGlobalSection
	GlobalSection(ExtensibilityGlobals) = postSolution
		SolutionGuid = {6BDD9E79-5E9E-4046-826E-BC5D18F1AF50}
	EndGlobalSection
EndGlobal
